lockfileVersion: "6.0"

settings:
  autoInstallPeers: true
  excludeLinksFromLockfile: false

dependencies:
  "@fightmegg/riot-api":
    specifier: ^0.0.18
    version: 0.0.18
  commandkit:
    specifier: ^0.1.6
    version: 0.1.6(discord.js@14.14.1)
  discord.js:
    specifier: ^14.14.1
    version: 14.14.1
  dotenv:
    specifier: ^16.3.1
    version: 16.3.1

packages:
  /@discordjs/builders@1.7.0:
    resolution:
      {
        integrity: sha512-GDtbKMkg433cOZur8Dv6c25EHxduNIBsxeHrsRoIM8+AwmEZ8r0tEpckx/sHwTLwQPOF3e2JWloZh9ofCaMfAw==,
      }
    engines: { node: ">=16.11.0" }
    dependencies:
      "@discordjs/formatters": 0.3.3
      "@discordjs/util": 1.0.2
      "@sapphire/shapeshift": 3.9.3
      discord-api-types: 0.37.61
      fast-deep-equal: 3.1.3
      ts-mixer: 6.0.3
      tslib: 2.6.2
    dev: false

  /@discordjs/collection@1.5.3:
    resolution:
      {
        integrity: sha512-SVb428OMd3WO1paV3rm6tSjM4wC+Kecaa1EUGX7vc6/fddvw/6lg90z4QtCqm21zvVe92vMMDt9+DkIvjXImQQ==,
      }
    engines: { node: ">=16.11.0" }
    dev: false

  /@discordjs/collection@2.0.0:
    resolution:
      {
        integrity: sha512-YTWIXLrf5FsrLMycpMM9Q6vnZoR/lN2AWX23/Cuo8uOOtS8eHB2dyQaaGnaF8aZPYnttf2bkLMcXn/j6JUOi3w==,
      }
    engines: { node: ">=18" }
    dev: false

  /@discordjs/formatters@0.3.3:
    resolution:
      {
        integrity: sha512-wTcI1Q5cps1eSGhl6+6AzzZkBBlVrBdc9IUhJbijRgVjCNIIIZPgqnUj3ntFODsHrdbGU8BEG9XmDQmgEEYn3w==,
      }
    engines: { node: ">=16.11.0" }
    dependencies:
      discord-api-types: 0.37.61
    dev: false

  /@discordjs/rest@2.2.0:
    resolution:
      {
        integrity: sha512-nXm9wT8oqrYFRMEqTXQx9DUTeEtXUDMmnUKIhZn6O2EeDY9VCdwj23XCPq7fkqMPKdF7ldAfeVKyxxFdbZl59A==,
      }
    engines: { node: ">=16.11.0" }
    dependencies:
      "@discordjs/collection": 2.0.0
      "@discordjs/util": 1.0.2
      "@sapphire/async-queue": 1.5.0
      "@sapphire/snowflake": 3.5.1
      "@vladfrangu/async_event_emitter": 2.2.2
      discord-api-types: 0.37.61
      magic-bytes.js: 1.5.0
      tslib: 2.6.2
      undici: 5.27.2
    dev: false

  /@discordjs/util@1.0.2:
    resolution:
      {
        integrity: sha512-IRNbimrmfb75GMNEjyznqM1tkI7HrZOf14njX7tCAAUetyZM1Pr8hX/EK2lxBCOgWDRmigbp24fD1hdMfQK5lw==,
      }
    engines: { node: ">=16.11.0" }
    dev: false

  /@discordjs/ws@1.0.2:
    resolution:
      {
        integrity: sha512-+XI82Rm2hKnFwAySXEep4A7Kfoowt6weO6381jgW+wVdTpMS/56qCvoXyFRY0slcv7c/U8My2PwIB2/wEaAh7Q==,
      }
    engines: { node: ">=16.11.0" }
    dependencies:
      "@discordjs/collection": 2.0.0
      "@discordjs/rest": 2.2.0
      "@discordjs/util": 1.0.2
      "@sapphire/async-queue": 1.5.0
      "@types/ws": 8.5.9
      "@vladfrangu/async_event_emitter": 2.2.2
      discord-api-types: 0.37.61
      tslib: 2.6.2
      ws: 8.14.2
    transitivePeerDependencies:
      - bufferutil
      - utf-8-validate
    dev: false

  /@fastify/busboy@2.1.0:
    resolution:
      {
        integrity: sha512-+KpH+QxZU7O4675t3mnkQKcZZg56u+K/Ct2K+N2AZYNVK8kyeo/bI18tI8aPm3tvNNRyTWfj6s5tnGNlcbQRsA==,
      }
    engines: { node: ">=14" }
    dev: false

  /@fightmegg/riot-api@0.0.18:
    resolution:
      {
        integrity: sha512-F2qnYUTP2oeGAL6+eoB/vzGQ9zHBM02POC1yjtIL39OJ7R1qh2ds+940M8k/6ckXFcABuGCtt6uzx/PqStQRdA==,
      }
    dependencies:
      "@fightmegg/riot-rate-limiter": 0.0.20
      debug: 4.3.4
      ioredis: 5.3.2
      node-fetch: 2.7.0
      path-to-regexp: 6.2.1
    transitivePeerDependencies:
      - encoding
      - supports-color
    dev: false

  /@fightmegg/riot-rate-limiter@0.0.20:
    resolution:
      {
        integrity: sha512-7JZJGnUStQ31Wf1VKTE4Q5yEmaQxF4bmMWaTTOGWt1tU94m3H/mKDyDhSBV//K2IlSbZT/SZa5HVaZjCK7no2Q==,
      }
    dependencies:
      bottleneck: 2.19.5
      debug: 4.3.4
      ioredis: 5.3.2
      node-fetch: 2.7.0
      path-to-regexp: 6.2.1
    transitivePeerDependencies:
      - encoding
      - supports-color
    dev: false

  /@ioredis/commands@1.2.0:
    resolution:
      {
        integrity: sha512-Sx1pU8EM64o2BrqNpEO1CNLtKQwyhuXuqyfH7oGKCk+1a33d2r5saW8zNwm3j6BTExtjrv2BxTgzzkMwts6vGg==,
      }
    dev: false

  /@sapphire/async-queue@1.5.0:
    resolution:
      {
        integrity: sha512-JkLdIsP8fPAdh9ZZjrbHWR/+mZj0wvKS5ICibcLrRI1j84UmLMshx5n9QmL8b95d4onJ2xxiyugTgSAX7AalmA==,
      }
    engines: { node: ">=v14.0.0", npm: ">=7.0.0" }
    dev: false

  /@sapphire/shapeshift@3.9.3:
    resolution:
      {
        integrity: sha512-WzKJSwDYloSkHoBbE8rkRW8UNKJiSRJ/P8NqJ5iVq7U2Yr/kriIBx2hW+wj2Z5e5EnXL1hgYomgaFsdK6b+zqQ==,
      }
    engines: { node: ">=v14.0.0", npm: ">=7.0.0" }
    dependencies:
      fast-deep-equal: 3.1.3
      lodash: 4.17.21
    dev: false

  /@sapphire/snowflake@3.5.1:
    resolution:
      {
        integrity: sha512-BxcYGzgEsdlG0dKAyOm0ehLGm2CafIrfQTZGWgkfKYbj+pNNsorZ7EotuZukc2MT70E0UbppVbtpBrqpzVzjNA==,
      }
    engines: { node: ">=v14.0.0", npm: ">=7.0.0" }
    dev: false

  /@types/node@20.10.2:
    resolution:
      {
        integrity: sha512-37MXfxkb0vuIlRKHNxwCkb60PNBpR94u4efQuN4JgIAm66zfCDXGSAFCef9XUWFovX2R1ok6Z7MHhtdVXXkkIw==,
      }
    dependencies:
      undici-types: 5.26.5
    dev: false

  /@types/ws@8.5.9:
    resolution:
      {
        integrity: sha512-jbdrY0a8lxfdTp/+r7Z4CkycbOFN8WX+IOchLJr3juT/xzbJ8URyTVSJ/hvNdadTgM1mnedb47n+Y31GsFnQlg==,
      }
    dependencies:
      "@types/node": 20.10.2
    dev: false

  /@vladfrangu/async_event_emitter@2.2.2:
    resolution:
      {
        integrity: sha512-HIzRG7sy88UZjBJamssEczH5q7t5+axva19UbZLO6u0ySbYPrwzWiXBcC0WuHyhKKoeCyneH+FvYzKQq/zTtkQ==,
      }
    engines: { node: ">=v14.0.0", npm: ">=7.0.0" }
    dev: false

  /bottleneck@2.19.5:
    resolution:
      {
        integrity: sha512-VHiNCbI1lKdl44tGrhNfU3lup0Tj/ZBMJB5/2ZbNXRCPuRCO7ed2mgcK4r17y+KB2EfuYuRaVlwNbAeaWGSpbw==,
      }
    dev: false

  /cluster-key-slot@1.1.2:
    resolution:
      {
        integrity: sha512-RMr0FhtfXemyinomL4hrWcYJxmX6deFdCxpJzhDttxgO1+bcCnkk+9drydLVDmAMG7NE6aN/fl4F7ucU/90gAA==,
      }
    engines: { node: ">=0.10.0" }
    dev: false

  /commandkit@0.1.6(discord.js@14.14.1):
    resolution:
      {
        integrity: sha512-Srea7+lDkHi2IXBZhlSvi8K6T2Dju8WmoGV7+BNYobTyzSa5gEr7F60fRLGxpa7qkdTc+pKN7NEJFs0OfaL1rg==,
      }
    peerDependencies:
      discord.js: ^14
    dependencies:
      discord.js: 14.14.1
      rfdc: 1.3.0
    dev: false

  /debug@4.3.4:
    resolution:
      {
        integrity: sha512-PRWFHuSU3eDtQJPvnNY7Jcket1j0t5OuOsFzPPzsekD52Zl8qUfFIPEiswXqIvHWGVHOgX+7G/vCNNhehwxfkQ==,
      }
    engines: { node: ">=6.0" }
    peerDependencies:
      supports-color: "*"
    peerDependenciesMeta:
      supports-color:
        optional: true
    dependencies:
      ms: 2.1.2
    dev: false

  /denque@2.1.0:
    resolution:
      {
        integrity: sha512-HVQE3AAb/pxF8fQAoiqpvg9i3evqug3hoiwakOyZAwJm+6vZehbkYXZ0l4JxS+I3QxM97v5aaRNhj8v5oBhekw==,
      }
    engines: { node: ">=0.10" }
    dev: false

  /discord-api-types@0.37.61:
    resolution:
      {
        integrity: sha512-o/dXNFfhBpYHpQFdT6FWzeO7pKc838QeeZ9d91CfVAtpr5XLK4B/zYxQbYgPdoMiTDvJfzcsLW5naXgmHGDNXw==,
      }
    dev: false

  /discord.js@14.14.1:
    resolution:
      {
        integrity: sha512-/hUVzkIerxKHyRKopJy5xejp4MYKDPTszAnpYxzVVv4qJYf+Tkt+jnT2N29PIPschicaEEpXwF2ARrTYHYwQ5w==,
      }
    engines: { node: ">=16.11.0" }
    dependencies:
      "@discordjs/builders": 1.7.0
      "@discordjs/collection": 1.5.3
      "@discordjs/formatters": 0.3.3
      "@discordjs/rest": 2.2.0
      "@discordjs/util": 1.0.2
      "@discordjs/ws": 1.0.2
      "@sapphire/snowflake": 3.5.1
      "@types/ws": 8.5.9
      discord-api-types: 0.37.61
      fast-deep-equal: 3.1.3
      lodash.snakecase: 4.1.1
      tslib: 2.6.2
      undici: 5.27.2
      ws: 8.14.2
    transitivePeerDependencies:
      - bufferutil
      - utf-8-validate
    dev: false

  /dotenv@16.3.1:
    resolution:
      {
        integrity: sha512-IPzF4w4/Rd94bA9imS68tZBaYyBWSCE47V1RGuMrB94iyTOIEwRmVL2x/4An+6mETpLrKJ5hQkB8W4kFAadeIQ==,
      }
    engines: { node: ">=12" }
    dev: false

  /fast-deep-equal@3.1.3:
    resolution:
      {
        integrity: sha512-f3qQ9oQy9j2AhBe/H9VC91wLmKBCCU/gDOnKNAYG5hswO7BLKj09Hc5HYNz9cGI++xlpDCIgDaitVs03ATR84Q==,
      }
    dev: false

  /ioredis@5.3.2:
    resolution:
      {
        integrity: sha512-1DKMMzlIHM02eBBVOFQ1+AolGjs6+xEcM4PDL7NqOS6szq7H9jSaEkIUH6/a5Hl241LzW6JLSiAbNvTQjUupUA==,
      }
    engines: { node: ">=12.22.0" }
    dependencies:
      "@ioredis/commands": 1.2.0
      cluster-key-slot: 1.1.2
      debug: 4.3.4
      denque: 2.1.0
      lodash.defaults: 4.2.0
      lodash.isarguments: 3.1.0
      redis-errors: 1.2.0
      redis-parser: 3.0.0
      standard-as-callback: 2.1.0
    transitivePeerDependencies:
      - supports-color
    dev: false

  /lodash.defaults@4.2.0:
    resolution:
      {
        integrity: sha512-qjxPLHd3r5DnsdGacqOMU6pb/avJzdh9tFX2ymgoZE27BmjXrNy/y4LoaiTeAb+O3gL8AfpJGtqfX/ae2leYYQ==,
      }
    dev: false

  /lodash.isarguments@3.1.0:
    resolution:
      {
        integrity: sha512-chi4NHZlZqZD18a0imDHnZPrDeBbTtVN7GXMwuGdRH9qotxAjYs3aVLKc7zNOG9eddR5Ksd8rvFEBc9SsggPpg==,
      }
    dev: false

  /lodash.snakecase@4.1.1:
    resolution:
      {
        integrity: sha512-QZ1d4xoBHYUeuouhEq3lk3Uq7ldgyFXGBhg04+oRLnIz8o9T65Eh+8YdroUwn846zchkA9yDsDl5CVVaV2nqYw==,
      }
    dev: false

  /lodash@4.17.21:
    resolution:
      {
        integrity: sha512-v2kDEe57lecTulaDIuNTPy3Ry4gLGJ6Z1O3vE1krgXZNrsQ+LFTGHVxVjcXPs17LhbZVGedAJv8XZ1tvj5FvSg==,
      }
    dev: false

  /magic-bytes.js@1.5.0:
    resolution:
      {
        integrity: sha512-wJkXvutRbNWcc37tt5j1HyOK1nosspdh3dj6LUYYAvF6JYNqs53IfRvK9oEpcwiDA1NdoIi64yAMfdivPeVAyw==,
      }
    dev: false

  /ms@2.1.2:
    resolution:
      {
        integrity: sha512-sGkPx+VjMtmA6MX27oA4FBFELFCZZ4S4XqeGOXCv68tT+jb3vk/RyaKWP0PTKyWtmLSM0b+adUTEvbs1PEaH2w==,
      }
    dev: false

  /node-fetch@2.7.0:
    resolution:
      {
        integrity: sha512-c4FRfUm/dbcWZ7U+1Wq0AwCyFL+3nt2bEw05wfxSz+DWpWsitgmSgYmy2dQdWyKC1694ELPqMs/YzUSNozLt8A==,
      }
    engines: { node: 4.x || >=6.0.0 }
    peerDependencies:
      encoding: ^0.1.0
    peerDependenciesMeta:
      encoding:
        optional: true
    dependencies:
      whatwg-url: 5.0.0
    dev: false

  /path-to-regexp@6.2.1:
    resolution:
      {
        integrity: sha512-JLyh7xT1kizaEvcaXOQwOc2/Yhw6KZOvPf1S8401UyLk86CU79LN3vl7ztXGm/pZ+YjoyAJ4rxmHwbkBXJX+yw==,
      }
    dev: false

  /redis-errors@1.2.0:
    resolution:
      {
        integrity: sha512-1qny3OExCf0UvUV/5wpYKf2YwPcOqXzkwKKSmKHiE6ZMQs5heeE/c8eXK+PNllPvmjgAbfnsbpkGZWy8cBpn9w==,
      }
    engines: { node: ">=4" }
    dev: false

  /redis-parser@3.0.0:
    resolution:
      {
        integrity: sha512-DJnGAeenTdpMEH6uAJRK/uiyEIH9WVsUmoLwzudwGJUwZPp80PDBWPHXSAGNPwNvIXAbe7MSUB1zQFugFml66A==,
      }
    engines: { node: ">=4" }
    dependencies:
      redis-errors: 1.2.0
    dev: false

  /rfdc@1.3.0:
    resolution:
      {
        integrity: sha512-V2hovdzFbOi77/WajaSMXk2OLm+xNIeQdMMuB7icj7bk6zi2F8GGAxigcnDFpJHbNyNcgyJDiP+8nOrY5cZGrA==,
      }
    dev: false

  /standard-as-callback@2.1.0:
    resolution:
      {
        integrity: sha512-qoRRSyROncaz1z0mvYqIE4lCd9p2R90i6GxW3uZv5ucSu8tU7B5HXUP1gG8pVZsYNVaXjk8ClXHPttLyxAL48A==,
      }
    dev: false

  /tr46@0.0.3:
    resolution:
      {
        integrity: sha512-N3WMsuqV66lT30CrXNbEjx4GEwlow3v6rr4mCcv6prnfwhS01rkgyFdjPNBYd9br7LpXV1+Emh01fHnq2Gdgrw==,
      }
    dev: false

  /ts-mixer@6.0.3:
    resolution:
      {
        integrity: sha512-k43M7uCG1AkTyxgnmI5MPwKoUvS/bRvLvUb7+Pgpdlmok8AoqmUaZxUUw8zKM5B1lqZrt41GjYgnvAi0fppqgQ==,
      }
    dev: false

  /tslib@2.6.2:
    resolution:
      {
        integrity: sha512-AEYxH93jGFPn/a2iVAwW87VuUIkR1FVUKB77NwMF7nBTDkDrrT/Hpt/IrCJ0QXhW27jTBDcf5ZY7w6RiqTMw2Q==,
      }
    dev: false

  /undici-types@5.26.5:
    resolution:
      {
        integrity: sha512-JlCMO+ehdEIKqlFxk6IfVoAUVmgz7cU7zD/h9XZ0qzeosSHmUJVOzSQvvYSYWXkFXC+IfLKSIffhv0sVZup6pA==,
      }
    dev: false

  /undici@5.27.2:
    resolution:
      {
        integrity: sha512-iS857PdOEy/y3wlM3yRp+6SNQQ6xU0mmZcwRSriqk+et/cwWAtwmIGf6WkoDN2EK/AMdCO/dfXzIwi+rFMrjjQ==,
      }
    engines: { node: ">=14.0" }
    dependencies:
      "@fastify/busboy": 2.1.0
    dev: false

  /webidl-conversions@3.0.1:
    resolution:
      {
        integrity: sha512-2JAn3z8AR6rjK8Sm8orRC0h/bcl/DqL7tRPdGZ4I1CjdF+EaMLmYxBHyXuKL849eucPFhvBoxMsflfOb8kxaeQ==,
      }
    dev: false

  /whatwg-url@5.0.0:
    resolution:
      {
        integrity: sha512-saE57nupxk6v3HY35+jzBwYa0rKSy0XR8JSxZPwgLr7ys0IBzhGviA1/TUGJLmSVqs8pb9AnvICXEuOHLprYTw==,
      }
    dependencies:
      tr46: 0.0.3
      webidl-conversions: 3.0.1
    dev: false

  /ws@8.14.2:
    resolution:
      {
        integrity: sha512-wEBG1ftX4jcglPxgFCMJmZ2PLtSbJ2Peg6TmpJFTbe9GZYOQCDPdMYu/Tm0/bGZkw8paZnJY45J4K2PZrLYq8g==,
      }
    engines: { node: ">=10.0.0" }
    peerDependencies:
      bufferutil: ^4.0.1
      utf-8-validate: ">=5.0.2"
    peerDependenciesMeta:
      bufferutil:
        optional: true
      utf-8-validate:
        optional: true
    dev: false
